
Microsoft Visual Studio Solution File, Format Version 12.00
# Visual Studio Version 17
VisualStudioVersion = 17.9.34723.18
MinimumVisualStudioVersion = 10.0.40219.1
Project("{FAE04EC0-301F-11D3-BF4B-00C04F79EFBC}") = "test", "test\test.csproj", "{4A907F36-4998-4BEC-8790-AD7E06F310A5}"
EndProject
Global
	GlobalSection(SolutionConfigurationPlatforms) = preSolution
		Debug|Any CPU = Debug|Any CPU
		Release|Any CPU = Release|Any CPU
	EndGlobalSection
	GlobalSection(ProjectConfigurationPlatforms) = postSolution
		{4A907F36-4998-4BEC-8790-AD7E06F310A5}.Debug|Any CPU.ActiveCfg = Debug|Any CPU
		{4A907F36-4998-4BEC-8790-AD7E06F310A5}.Debug|Any CPU.Build.0 = Debug|Any CPU
		{4A907F36-4998-4BEC-8790-AD7E06F310A5}.Release|Any CPU.ActiveCfg = Release|Any CPU
		{4A907F36-4998-4BEC-8790-AD7E06F310A5}.Release|Any CPU.Build.0 = Release|Any CPU
	EndGlobalSection
	GlobalSection(SolutionProperties) = preSolution
		HideSolutionNode = FALSE
	EndGlobalSection
	GlobalSection(ExtensibilityGlobals) = postSolution
		SolutionGuid = {074D9D6F-B1C0-4C03-BE55-F700252D8967}
	EndGlobalSection
EndGlobal
